Microsoft Visual Studio Solution File, Format Version 12.00
# Visual Studio Version 17
VisualStudioVersion = 17.5.2.0
MinimumVisualStudioVersion = 10.0.40219.1
Project("{FAE04EC0-301F-11D3-BF4B-00C04F79EFBC}") = "LikeComparison.Tests", "LikeComparison.Tests\LikeComparison.Tests.csproj", "{90D2EB4D-6506-4C77-F729-8236D25451E7}"
EndProject
Project("{FAE04EC0-301F-11D3-BF4B-00C04F79EFBC}") = "LikeComparison.Shouldly", "LikeComparison.Shouldly\LikeComparison.Shouldly.csproj", "{6BDDD1D2-A73E-A9EF-849A-7E113AC6FF0F}"
EndProject
Project("{FAE04EC0-301F-11D3-BF4B-00C04F79EFBC}") = "LikeComparison.Tests.WithDatabases", "LikeComparison.Tests.WithDatabases\LikeComparison.Tests.WithDatabases.csproj", "{77B1C2B4-2C83-1535-BC98-DF1C85C2C2E3}"
EndProject
Project("{FAE04EC0-301F-11D3-BF4B-00C04F79EFBC}") = "LikeComparison.MSTest", "LikeComparison.MSTest\LikeComparison.MSTest.csproj", "{8D5F62EA-DB1E-EDF9-C61D-6FBDFF28E6E7}"
EndProject
Project("{FAE04EC0-301F-11D3-BF4B-00C04F79EFBC}") = "LikeComparison", "LikeComparison\LikeComparison.csproj", "{FA92F01C-C35D-24CB-3DDB-BCA0EDA39F51}"
EndProject
Global
	GlobalSection(SolutionConfigurationPlatforms) = preSolution
		Debug|Any CPU = Debug|Any CPU
		Release|Any CPU = Release|Any CPU
	EndGlobalSection
	GlobalSection(ProjectConfigurationPlatforms) = postSolution
		{90D2EB4D-6506-4C77-F729-8236D25451E7}.Debug|Any CPU.ActiveCfg = Debug|Any CPU
		{90D2EB4D-6506-4C77-F729-8236D25451E7}.Debug|Any CPU.Build.0 = Debug|Any CPU
		{90D2EB4D-6506-4C77-F729-8236D25451E7}.Release|Any CPU.ActiveCfg = Release|Any CPU
		{90D2EB4D-6506-4C77-F729-8236D25451E7}.Release|Any CPU.Build.0 = Release|Any CPU
		{6BDDD1D2-A73E-A9EF-849A-7E113AC6FF0F}.Debug|Any CPU.ActiveCfg = Debug|Any CPU
		{6BDDD1D2-A73E-A9EF-849A-7E113AC6FF0F}.Debug|Any CPU.Build.0 = Debug|Any CPU
		{6BDDD1D2-A73E-A9EF-849A-7E113AC6FF0F}.Release|Any CPU.ActiveCfg = Release|Any CPU
		{6BDDD1D2-A73E-A9EF-849A-7E113AC6FF0F}.Release|Any CPU.Build.0 = Release|Any CPU
		{77B1C2B4-2C83-1535-BC98-DF1C85C2C2E3}.Debug|Any CPU.ActiveCfg = Debug|Any CPU
		{77B1C2B4-2C83-1535-BC98-DF1C85C2C2E3}.Debug|Any CPU.Build.0 = Debug|Any CPU
		{77B1C2B4-2C83-1535-BC98-DF1C85C2C2E3}.Release|Any CPU.ActiveCfg = Release|Any CPU
		{77B1C2B4-2C83-1535-BC98-DF1C85C2C2E3}.Release|Any CPU.Build.0 = Release|Any CPU
		{8D5F62EA-DB1E-EDF9-C61D-6FBDFF28E6E7}.Debug|Any CPU.ActiveCfg = Debug|Any CPU
		{8D5F62EA-DB1E-EDF9-C61D-6FBDFF28E6E7}.Debug|Any CPU.Build.0 = Debug|Any CPU
		{8D5F62EA-DB1E-EDF9-C61D-6FBDFF28E6E7}.Release|Any CPU.ActiveCfg = Release|Any CPU
		{8D5F62EA-DB1E-EDF9-C61D-6FBDFF28E6E7}.Release|Any CPU.Build.0 = Release|Any CPU
		{FA92F01C-C35D-24CB-3DDB-BCA0EDA39F51}.Debug|Any CPU.ActiveCfg = Debug|Any CPU
		{FA92F01C-C35D-24CB-3DDB-BCA0EDA39F51}.Debug|Any CPU.Build.0 = Debug|Any CPU
		{FA92F01C-C35D-24CB-3DDB-BCA0EDA39F51}.Release|Any CPU.ActiveCfg = Release|Any CPU
		{FA92F01C-C35D-24CB-3DDB-BCA0EDA39F51}.Release|Any CPU.Build.0 = Release|Any CPU
	EndGlobalSection
	GlobalSection(SolutionProperties) = preSolution
		HideSolutionNode = FALSE
	EndGlobalSection
	GlobalSection(ExtensibilityGlobals) = postSolution
		SolutionGuid = {AC7D8D48-4797-4868-8266-66048392C374}
	EndGlobalSection
EndGlobal
